
Microsoft Visual Studio Solution File, Format Version 12.00
# Visual Studio Version 17
VisualStudioVersion = 17.0.31903.59
MinimumVisualStudioVersion = 10.0.40219.1
Project("{2150E333-8FDC-42A3-9474-1A3956D46DE8}") = "tests", "tests", "{0AB3BF05-4346-4AA6-1389-037BE0695223}"
EndProject
Project("{FAE04EC0-301F-11D3-BF4B-00C04F79EFBC}") = "VirtualPark.BusinessLogic.Test", "tests\VirtualPark.BusinessLogic.Test\VirtualPark.BusinessLogic.Test.csproj", "{BCBF4502-2B81-4C0E-8564-746C81CD9484}"
EndProject
Project("{2150E333-8FDC-42A3-9474-1A3956D46DE8}") = "src", "src", "{827E0CD3-B72D-47B6-A68D-7590B98EB39B}"
EndProject
Project("{FAE04EC0-301F-11D3-BF4B-00C04F79EFBC}") = "VirtualPark.BusinessLogic", "src\VirtualPark.BusinessLogic\VirtualPark.BusinessLogic.csproj", "{50BD5F59-DA9B-4E63-866F-64424AF8B643}"
EndProject
Project("{FAE04EC0-301F-11D3-BF4B-00C04F79EFBC}") = "VirtualPark.WebApi", "src\VirtualPark.WebApi\VirtualPark.WebApi.csproj", "{A58BD51B-AEE7-476A-903E-046B517BDF1C}"
EndProject
Project("{FAE04EC0-301F-11D3-BF4B-00C04F79EFBC}") = "VirtualPark.WebApi.Test", "tests\VirtualPark.WebApi.Test\VirtualPark.WebApi.Test.csproj", "{F68FE6A2-A321-4E9F-83F6-D87DB0EF1C0F}"
EndProject
Project("{FAE04EC0-301F-11D3-BF4B-00C04F79EFBC}") = "VirtualPark.DataAccess", "src\VirtualPark.DataAccess\VirtualPark.DataAccess.csproj", "{C0D08BA5-4869-4E9A-A369-3D08ADAE4A33}"
EndProject
Project("{FAE04EC0-301F-11D3-BF4B-00C04F79EFBC}") = "VirtualPark.DataAccess.Test", "tests\VirtualPark.DataAccess.Test\VirtualPark.DataAccess.Test.csproj", "{9E9910FB-4757-48BB-990A-AC985444888D}"
EndProject
Project("{FAE04EC0-301F-11D3-BF4B-00C04F79EFBC}") = "VirtualPark.Repository", "src\VirtualPark.Repository\VirtualPark.Repository.csproj", "{C5D733F0-2B44-41FA-9DA0-3292DF0FA0D5}"
EndProject
Project("{FAE04EC0-301F-11D3-BF4B-00C04F79EFBC}") = "VirtualPark.ApiServiceFactory", "VirtualPark.ApiServiceFactory\VirtualPark.ApiServiceFactory.csproj", "{27771BDE-7C94-4B54-8B0B-00DED0682A49}"
EndProject
Global
	GlobalSection(SolutionConfigurationPlatforms) = preSolution
		Debug|Any CPU = Debug|Any CPU
		Debug|x64 = Debug|x64
		Debug|x86 = Debug|x86
		Release|Any CPU = Release|Any CPU
		Release|x64 = Release|x64
		Release|x86 = Release|x86
	EndGlobalSection
	GlobalSection(ProjectConfigurationPlatforms) = postSolution
		{BCBF4502-2B81-4C0E-8564-746C81CD9484}.Debug|Any CPU.ActiveCfg = Debug|Any CPU
		{BCBF4502-2B81-4C0E-8564-746C81CD9484}.Debug|Any CPU.Build.0 = Debug|Any CPU
		{BCBF4502-2B81-4C0E-8564-746C81CD9484}.Debug|x64.ActiveCfg = Debug|Any CPU
		{BCBF4502-2B81-4C0E-8564-746C81CD9484}.Debug|x64.Build.0 = Debug|Any CPU
		{BCBF4502-2B81-4C0E-8564-746C81CD9484}.Debug|x86.ActiveCfg = Debug|Any CPU
		{BCBF4502-2B81-4C0E-8564-746C81CD9484}.Debug|x86.Build.0 = Debug|Any CPU
		{BCBF4502-2B81-4C0E-8564-746C81CD9484}.Release|Any CPU.ActiveCfg = Release|Any CPU
		{BCBF4502-2B81-4C0E-8564-746C81CD9484}.Release|Any CPU.Build.0 = Release|Any CPU
		{BCBF4502-2B81-4C0E-8564-746C81CD9484}.Release|x64.ActiveCfg = Release|Any CPU
		{BCBF4502-2B81-4C0E-8564-746C81CD9484}.Release|x64.Build.0 = Release|Any CPU
		{BCBF4502-2B81-4C0E-8564-746C81CD9484}.Release|x86.ActiveCfg = Release|Any CPU
		{BCBF4502-2B81-4C0E-8564-746C81CD9484}.Release|x86.Build.0 = Release|Any CPU
		{50BD5F59-DA9B-4E63-866F-64424AF8B643}.Debug|Any CPU.ActiveCfg = Debug|Any CPU
		{50BD5F59-DA9B-4E63-866F-64424AF8B643}.Debug|Any CPU.Build.0 = Debug|Any CPU
		{50BD5F59-DA9B-4E63-866F-64424AF8B643}.Debug|x64.ActiveCfg = Debug|Any CPU
		{50BD5F59-DA9B-4E63-866F-64424AF8B643}.Debug|x64.Build.0 = Debug|Any CPU
		{50BD5F59-DA9B-4E63-866F-64424AF8B643}.Debug|x86.ActiveCfg = Debug|Any CPU
		{50BD5F59-DA9B-4E63-866F-64424AF8B643}.Debug|x86.Build.0 = Debug|Any CPU
		{50BD5F59-DA9B-4E63-866F-64424AF8B643}.Release|Any CPU.ActiveCfg = Release|Any CPU
		{50BD5F59-DA9B-4E63-866F-64424AF8B643}.Release|Any CPU.Build.0 = Release|Any CPU
		{50BD5F59-DA9B-4E63-866F-64424AF8B643}.Release|x64.ActiveCfg = Release|Any CPU
		{50BD5F59-DA9B-4E63-866F-64424AF8B643}.Release|x64.Build.0 = Release|Any CPU
		{50BD5F59-DA9B-4E63-866F-64424AF8B643}.Release|x86.ActiveCfg = Release|Any CPU
		{50BD5F59-DA9B-4E63-866F-64424AF8B643}.Release|x86.Build.0 = Release|Any CPU
		{A58BD51B-AEE7-476A-903E-046B517BDF1C}.Debug|Any CPU.ActiveCfg = Debug|Any CPU
		{A58BD51B-AEE7-476A-903E-046B517BDF1C}.Debug|Any CPU.Build.0 = Debug|Any CPU
		{A58BD51B-AEE7-476A-903E-046B517BDF1C}.Debug|x64.ActiveCfg = Debug|Any CPU
		{A58BD51B-AEE7-476A-903E-046B517BDF1C}.Debug|x64.Build.0 = Debug|Any CPU
		{A58BD51B-AEE7-476A-903E-046B517BDF1C}.Debug|x86.ActiveCfg = Debug|Any CPU
		{A58BD51B-AEE7-476A-903E-046B517BDF1C}.Debug|x86.Build.0 = Debug|Any CPU
		{A58BD51B-AEE7-476A-903E-046B517BDF1C}.Release|Any CPU.ActiveCfg = Release|Any CPU
		{A58BD51B-AEE7-476A-903E-046B517BDF1C}.Release|Any CPU.Build.0 = Release|Any CPU
		{A58BD51B-AEE7-476A-903E-046B517BDF1C}.Release|x64.ActiveCfg = Release|Any CPU
		{A58BD51B-AEE7-476A-903E-046B517BDF1C}.Release|x64.Build.0 = Release|Any CPU
		{A58BD51B-AEE7-476A-903E-046B517BDF1C}.Release|x86.ActiveCfg = Release|Any CPU
		{A58BD51B-AEE7-476A-903E-046B517BDF1C}.Release|x86.Build.0 = Release|Any CPU
		{F68FE6A2-A321-4E9F-83F6-D87DB0EF1C0F}.Debug|Any CPU.ActiveCfg = Debug|Any CPU
		{F68FE6A2-A321-4E9F-83F6-D87DB0EF1C0F}.Debug|Any CPU.Build.0 = Debug|Any CPU
		{F68FE6A2-A321-4E9F-83F6-D87DB0EF1C0F}.Debug|x64.ActiveCfg = Debug|Any CPU
		{F68FE6A2-A321-4E9F-83F6-D87DB0EF1C0F}.Debug|x64.Build.0 = Debug|Any CPU
		{F68FE6A2-A321-4E9F-83F6-D87DB0EF1C0F}.Debug|x86.ActiveCfg = Debug|Any CPU
		{F68FE6A2-A321-4E9F-83F6-D87DB0EF1C0F}.Debug|x86.Build.0 = Debug|Any CPU
		{F68FE6A2-A321-4E9F-83F6-D87DB0EF1C0F}.Release|Any CPU.ActiveCfg = Release|Any CPU
		{F68FE6A2-A321-4E9F-83F6-D87DB0EF1C0F}.Release|Any CPU.Build.0 = Release|Any CPU
		{F68FE6A2-A321-4E9F-83F6-D87DB0EF1C0F}.Release|x64.ActiveCfg = Release|Any CPU
		{F68FE6A2-A321-4E9F-83F6-D87DB0EF1C0F}.Release|x64.Build.0 = Release|Any CPU
		{F68FE6A2-A321-4E9F-83F6-D87DB0EF1C0F}.Release|x86.ActiveCfg = Release|Any CPU
		{F68FE6A2-A321-4E9F-83F6-D87DB0EF1C0F}.Release|x86.Build.0 = Release|Any CPU
		{C0D08BA5-4869-4E9A-A369-3D08ADAE4A33}.Debug|Any CPU.ActiveCfg = Debug|Any CPU
		{C0D08BA5-4869-4E9A-A369-3D08ADAE4A33}.Debug|Any CPU.Build.0 = Debug|Any CPU
		{C0D08BA5-4869-4E9A-A369-3D08ADAE4A33}.Debug|x64.ActiveCfg = Debug|Any CPU
		{C0D08BA5-4869-4E9A-A369-3D08ADAE4A33}.Debug|x64.Build.0 = Debug|Any CPU
		{C0D08BA5-4869-4E9A-A369-3D08ADAE4A33}.Debug|x86.ActiveCfg = Debug|Any CPU
		{C0D08BA5-4869-4E9A-A369-3D08ADAE4A33}.Debug|x86.Build.0 = Debug|Any CPU
		{C0D08BA5-4869-4E9A-A369-3D08ADAE4A33}.Release|Any CPU.ActiveCfg = Release|Any CPU
		{C0D08BA5-4869-4E9A-A369-3D08ADAE4A33}.Release|Any CPU.Build.0 = Release|Any CPU
		{C0D08BA5-4869-4E9A-A369-3D08ADAE4A33}.Release|x64.ActiveCfg = Release|Any CPU
		{C0D08BA5-4869-4E9A-A369-3D08ADAE4A33}.Release|x64.Build.0 = Release|Any CPU
		{C0D08BA5-4869-4E9A-A369-3D08ADAE4A33}.Release|x86.ActiveCfg = Release|Any CPU
		{C0D08BA5-4869-4E9A-A369-3D08ADAE4A33}.Release|x86.Build.0 = Release|Any CPU
		{9E9910FB-4757-48BB-990A-AC985444888D}.Debug|Any CPU.ActiveCfg = Debug|Any CPU
		{9E9910FB-4757-48BB-990A-AC985444888D}.Debug|Any CPU.Build.0 = Debug|Any CPU
		{9E9910FB-4757-48BB-990A-AC985444888D}.Debug|x64.ActiveCfg = Debug|Any CPU
		{9E9910FB-4757-48BB-990A-AC985444888D}.Debug|x64.Build.0 = Debug|Any CPU
		{9E9910FB-4757-48BB-990A-AC985444888D}.Debug|x86.ActiveCfg = Debug|Any CPU
		{9E9910FB-4757-48BB-990A-AC985444888D}.Debug|x86.Build.0 = Debug|Any CPU
		{9E9910FB-4757-48BB-990A-AC985444888D}.Release|Any CPU.ActiveCfg = Release|Any CPU
		{9E9910FB-4757-48BB-990A-AC985444888D}.Release|Any CPU.Build.0 = Release|Any CPU
		{9E9910FB-4757-48BB-990A-AC985444888D}.Release|x64.ActiveCfg = Release|Any CPU
		{9E9910FB-4757-48BB-990A-AC985444888D}.Release|x64.Build.0 = Release|Any CPU
		{9E9910FB-4757-48BB-990A-AC985444888D}.Release|x86.ActiveCfg = Release|Any CPU
		{9E9910FB-4757-48BB-990A-AC985444888D}.Release|x86.Build.0 = Release|Any CPU
		{C5D733F0-2B44-41FA-9DA0-3292DF0FA0D5}.Debug|Any CPU.ActiveCfg = Debug|Any CPU
		{C5D733F0-2B44-41FA-9DA0-3292DF0FA0D5}.Debug|Any CPU.Build.0 = Debug|Any CPU
		{C5D733F0-2B44-41FA-9DA0-3292DF0FA0D5}.Debug|x64.ActiveCfg = Debug|Any CPU
		{C5D733F0-2B44-41FA-9DA0-3292DF0FA0D5}.Debug|x64.Build.0 = Debug|Any CPU
		{C5D733F0-2B44-41FA-9DA0-3292DF0FA0D5}.Debug|x86.ActiveCfg = Debug|Any CPU
		{C5D733F0-2B44-41FA-9DA0-3292DF0FA0D5}.Debug|x86.Build.0 = Debug|Any CPU
		{C5D733F0-2B44-41FA-9DA0-3292DF0FA0D5}.Release|Any CPU.ActiveCfg = Release|Any CPU
		{C5D733F0-2B44-41FA-9DA0-3292DF0FA0D5}.Release|Any CPU.Build.0 = Release|Any CPU
		{C5D733F0-2B44-41FA-9DA0-3292DF0FA0D5}.Release|x64.ActiveCfg = Release|Any CPU
		{C5D733F0-2B44-41FA-9DA0-3292DF0FA0D5}.Release|x64.Build.0 = Release|Any CPU
		{C5D733F0-2B44-41FA-9DA0-3292DF0FA0D5}.Release|x86.ActiveCfg = Release|Any CPU
		{C5D733F0-2B44-41FA-9DA0-3292DF0FA0D5}.Release|x86.Build.0 = Release|Any CPU
		{27771BDE-7C94-4B54-8B0B-00DED0682A49}.Debug|Any CPU.ActiveCfg = Debug|Any CPU
		{27771BDE-7C94-4B54-8B0B-00DED0682A49}.Debug|Any CPU.Build.0 = Debug|Any CPU
		{27771BDE-7C94-4B54-8B0B-00DED0682A49}.Debug|x64.ActiveCfg = Debug|Any CPU
		{27771BDE-7C94-4B54-8B0B-00DED0682A49}.Debug|x64.Build.0 = Debug|Any CPU
		{27771BDE-7C94-4B54-8B0B-00DED0682A49}.Debug|x86.ActiveCfg = Debug|Any CPU
		{27771BDE-7C94-4B54-8B0B-00DED0682A49}.Debug|x86.Build.0 = Debug|Any CPU
		{27771BDE-7C94-4B54-8B0B-00DED0682A49}.Release|Any CPU.ActiveCfg = Release|Any CPU
		{27771BDE-7C94-4B54-8B0B-00DED0682A49}.Release|Any CPU.Build.0 = Release|Any CPU
		{27771BDE-7C94-4B54-8B0B-00DED0682A49}.Release|x64.ActiveCfg = Release|Any CPU
		{27771BDE-7C94-4B54-8B0B-00DED0682A49}.Release|x64.Build.0 = Release|Any CPU
		{27771BDE-7C94-4B54-8B0B-00DED0682A49}.Release|x86.ActiveCfg = Release|Any CPU
		{27771BDE-7C94-4B54-8B0B-00DED0682A49}.Release|x86.Build.0 = Release|Any CPU
	EndGlobalSection
	GlobalSection(SolutionProperties) = preSolution
		HideSolutionNode = FALSE
	EndGlobalSection
	GlobalSection(NestedProjects) = preSolution
		{BCBF4502-2B81-4C0E-8564-746C81CD9484} = {0AB3BF05-4346-4AA6-1389-037BE0695223}
		{50BD5F59-DA9B-4E63-866F-64424AF8B643} = {827E0CD3-B72D-47B6-A68D-7590B98EB39B}
		{A58BD51B-AEE7-476A-903E-046B517BDF1C} = {827E0CD3-B72D-47B6-A68D-7590B98EB39B}
		{F68FE6A2-A321-4E9F-83F6-D87DB0EF1C0F} = {0AB3BF05-4346-4AA6-1389-037BE0695223}
		{C0D08BA5-4869-4E9A-A369-3D08ADAE4A33} = {827E0CD3-B72D-47B6-A68D-7590B98EB39B}
		{9E9910FB-4757-48BB-990A-AC985444888D} = {0AB3BF05-4346-4AA6-1389-037BE0695223}
		{C5D733F0-2B44-41FA-9DA0-3292DF0FA0D5} = {827E0CD3-B72D-47B6-A68D-7590B98EB39B}
		{27771BDE-7C94-4B54-8B0B-00DED0682A49} = {827E0CD3-B72D-47B6-A68D-7590B98EB39B}
	EndGlobalSection
EndGlobal
